
Microsoft Visual Studio Solution File, Format Version 12.00
# Visual Studio 15
VisualStudioVersion = 15.0.28307.168
MinimumVisualStudioVersion = 10.0.40219.1
Project("{FAE04EC0-301F-11D3-BF4B-00C04F79EFBC}") = "Componente", "Componente\Componente.csproj", "{3777B5D8-4CA0-4AD7-99F0-6B53782EB6C0}"
EndProject
Project("{FAE04EC0-301F-11D3-BF4B-00C04F79EFBC}") = "Servidor", "Servidor\Servidor.csproj", "{14E35008-2698-48DF-8D6B-6B3E597ADD60}"
EndProject
Project("{FAE04EC0-301F-11D3-BF4B-00C04F79EFBC}") = "Cliente", "Cliente\Cliente.csproj", "{4515543E-569F-4ADA-B59D-2FADB9D82E87}"
EndProject
Global
	GlobalSection(SolutionConfigurationPlatforms) = preSolution
		Debug|Any CPU = Debug|Any CPU
		Release|Any CPU = Release|Any CPU
	EndGlobalSection
	GlobalSection(ProjectConfigurationPlatforms) = postSolution
		{3777B5D8-4CA0-4AD7-99F0-6B53782EB6C0}.Debug|Any CPU.ActiveCfg = Debug|Any CPU
		{3777B5D8-4CA0-4AD7-99F0-6B53782EB6C0}.Debug|Any CPU.Build.0 = Debug|Any CPU
		{3777B5D8-4CA0-4AD7-99F0-6B53782EB6C0}.Release|Any CPU.ActiveCfg = Release|Any CPU
		{3777B5D8-4CA0-4AD7-99F0-6B53782EB6C0}.Release|Any CPU.Build.0 = Release|Any CPU
		{14E35008-2698-48DF-8D6B-6B3E597ADD60}.Debug|Any CPU.ActiveCfg = Debug|Any CPU
		{14E35008-2698-48DF-8D6B-6B3E597ADD60}.Debug|Any CPU.Build.0 = Debug|Any CPU
		{14E35008-2698-48DF-8D6B-6B3E597ADD60}.Release|Any CPU.ActiveCfg = Release|Any CPU
		{14E35008-2698-48DF-8D6B-6B3E597ADD60}.Release|Any CPU.Build.0 = Release|Any CPU
		{4515543E-569F-4ADA-B59D-2FADB9D82E87}.Debug|Any CPU.ActiveCfg = Debug|Any CPU
		{4515543E-569F-4ADA-B59D-2FADB9D82E87}.Debug|Any CPU.Build.0 = Debug|Any CPU
		{4515543E-569F-4ADA-B59D-2FADB9D82E87}.Release|Any CPU.ActiveCfg = Release|Any CPU
		{4515543E-569F-4ADA-B59D-2FADB9D82E87}.Release|Any CPU.Build.0 = Release|Any CPU
	EndGlobalSection
	GlobalSection(SolutionProperties) = preSolution
		HideSolutionNode = FALSE
	EndGlobalSection
	GlobalSection(ExtensibilityGlobals) = postSolution
		SolutionGuid = {C5BC3E05-13F0-4BFA-BEA7-BF12295C524D}
	EndGlobalSection
EndGlobal
