
Microsoft Visual Studio Solution File, Format Version 12.00
# Visual Studio 14
VisualStudioVersion = 14.0.25420.1
MinimumVisualStudioVersion = 10.0.40219.1
Project("{FAE04EC0-301F-11D3-BF4B-00C04F79EFBC}") = "Componente", "Componente\Componente.csproj", "{A43AED8C-D20D-4248-83C3-C26E8EBCD1BB}"
EndProject
Project("{FAE04EC0-301F-11D3-BF4B-00C04F79EFBC}") = "Servidor", "Servidor\Servidor.csproj", "{45136616-AF78-45E1-9FF9-57EF4DB10BCE}"
EndProject
Project("{FAE04EC0-301F-11D3-BF4B-00C04F79EFBC}") = "Cliente", "Cliente\Cliente.csproj", "{EB266AD4-89A2-40FE-B450-CDCAE1BF8119}"
EndProject
Global
	GlobalSection(SolutionConfigurationPlatforms) = preSolution
		Debug|Any CPU = Debug|Any CPU
		Release|Any CPU = Release|Any CPU
	EndGlobalSection
	GlobalSection(ProjectConfigurationPlatforms) = postSolution
		{A43AED8C-D20D-4248-83C3-C26E8EBCD1BB}.Debug|Any CPU.ActiveCfg = Debug|Any CPU
		{A43AED8C-D20D-4248-83C3-C26E8EBCD1BB}.Debug|Any CPU.Build.0 = Debug|Any CPU
		{A43AED8C-D20D-4248-83C3-C26E8EBCD1BB}.Release|Any CPU.ActiveCfg = Release|Any CPU
		{A43AED8C-D20D-4248-83C3-C26E8EBCD1BB}.Release|Any CPU.Build.0 = Release|Any CPU
		{45136616-AF78-45E1-9FF9-57EF4DB10BCE}.Debug|Any CPU.ActiveCfg = Debug|Any CPU
		{45136616-AF78-45E1-9FF9-57EF4DB10BCE}.Debug|Any CPU.Build.0 = Debug|Any CPU
		{45136616-AF78-45E1-9FF9-57EF4DB10BCE}.Release|Any CPU.ActiveCfg = Release|Any CPU
		{45136616-AF78-45E1-9FF9-57EF4DB10BCE}.Release|Any CPU.Build.0 = Release|Any CPU
		{EB266AD4-89A2-40FE-B450-CDCAE1BF8119}.Debug|Any CPU.ActiveCfg = Debug|Any CPU
		{EB266AD4-89A2-40FE-B450-CDCAE1BF8119}.Debug|Any CPU.Build.0 = Debug|Any CPU
		{EB266AD4-89A2-40FE-B450-CDCAE1BF8119}.Release|Any CPU.ActiveCfg = Release|Any CPU
		{EB266AD4-89A2-40FE-B450-CDCAE1BF8119}.Release|Any CPU.Build.0 = Release|Any CPU
	EndGlobalSection
	GlobalSection(SolutionProperties) = preSolution
		HideSolutionNode = FALSE
	EndGlobalSection
EndGlobal
