
Microsoft Visual Studio Solution File, Format Version 12.00
# Visual Studio 15
VisualStudioVersion = 15.0.28307.168
MinimumVisualStudioVersion = 10.0.40219.1
Project("{FAE04EC0-301F-11D3-BF4B-00C04F79EFBC}") = "ObjetoRemoto", "ObjetoRemoto\ObjetoRemoto.csproj", "{33766C8C-C130-45C2-87DF-4B07B509B18F}"
EndProject
Project("{FAE04EC0-301F-11D3-BF4B-00C04F79EFBC}") = "Servidor", "Servidor\Servidor.csproj", "{06DE7543-52EF-43EB-9E2B-996A6333E889}"
EndProject
Project("{FAE04EC0-301F-11D3-BF4B-00C04F79EFBC}") = "Cliente", "Cliente\Cliente.csproj", "{663DB04F-2310-4AAB-805E-0E3894E89C85}"
EndProject
Global
	GlobalSection(SolutionConfigurationPlatforms) = preSolution
		Debug|Any CPU = Debug|Any CPU
		Release|Any CPU = Release|Any CPU
	EndGlobalSection
	GlobalSection(ProjectConfigurationPlatforms) = postSolution
		{33766C8C-C130-45C2-87DF-4B07B509B18F}.Debug|Any CPU.ActiveCfg = Debug|Any CPU
		{33766C8C-C130-45C2-87DF-4B07B509B18F}.Debug|Any CPU.Build.0 = Debug|Any CPU
		{33766C8C-C130-45C2-87DF-4B07B509B18F}.Release|Any CPU.ActiveCfg = Release|Any CPU
		{33766C8C-C130-45C2-87DF-4B07B509B18F}.Release|Any CPU.Build.0 = Release|Any CPU
		{06DE7543-52EF-43EB-9E2B-996A6333E889}.Debug|Any CPU.ActiveCfg = Debug|Any CPU
		{06DE7543-52EF-43EB-9E2B-996A6333E889}.Debug|Any CPU.Build.0 = Debug|Any CPU
		{06DE7543-52EF-43EB-9E2B-996A6333E889}.Release|Any CPU.ActiveCfg = Release|Any CPU
		{06DE7543-52EF-43EB-9E2B-996A6333E889}.Release|Any CPU.Build.0 = Release|Any CPU
		{663DB04F-2310-4AAB-805E-0E3894E89C85}.Debug|Any CPU.ActiveCfg = Debug|Any CPU
		{663DB04F-2310-4AAB-805E-0E3894E89C85}.Debug|Any CPU.Build.0 = Debug|Any CPU
		{663DB04F-2310-4AAB-805E-0E3894E89C85}.Release|Any CPU.ActiveCfg = Release|Any CPU
		{663DB04F-2310-4AAB-805E-0E3894E89C85}.Release|Any CPU.Build.0 = Release|Any CPU
	EndGlobalSection
	GlobalSection(SolutionProperties) = preSolution
		HideSolutionNode = FALSE
	EndGlobalSection
	GlobalSection(ExtensibilityGlobals) = postSolution
		SolutionGuid = {48BABCA7-66FC-43C4-BC18-856A7AA58507}
	EndGlobalSection
EndGlobal
