
Microsoft Visual Studio Solution File, Format Version 12.00
# Visual Studio 15
VisualStudioVersion = 15.0.27004.2005
MinimumVisualStudioVersion = 10.0.40219.1
Project("{FAE04EC0-301F-11D3-BF4B-00C04F79EFBC}") = "Componente", "Componente\Componente.csproj", "{F672DF09-F012-43AA-8182-30ED9920F5E7}"
EndProject
Project("{FAE04EC0-301F-11D3-BF4B-00C04F79EFBC}") = "WebApplication", "WebApplication\WebApplication.csproj", "{FC131173-1670-4344-B6FB-DD4BF476BE79}"
EndProject
Global
	GlobalSection(SolutionConfigurationPlatforms) = preSolution
		Debug|Any CPU = Debug|Any CPU
		Release|Any CPU = Release|Any CPU
	EndGlobalSection
	GlobalSection(ProjectConfigurationPlatforms) = postSolution
		{F672DF09-F012-43AA-8182-30ED9920F5E7}.Debug|Any CPU.ActiveCfg = Debug|Any CPU
		{F672DF09-F012-43AA-8182-30ED9920F5E7}.Debug|Any CPU.Build.0 = Debug|Any CPU
		{F672DF09-F012-43AA-8182-30ED9920F5E7}.Release|Any CPU.ActiveCfg = Release|Any CPU
		{F672DF09-F012-43AA-8182-30ED9920F5E7}.Release|Any CPU.Build.0 = Release|Any CPU
		{FC131173-1670-4344-B6FB-DD4BF476BE79}.Debug|Any CPU.ActiveCfg = Debug|Any CPU
		{FC131173-1670-4344-B6FB-DD4BF476BE79}.Debug|Any CPU.Build.0 = Debug|Any CPU
		{FC131173-1670-4344-B6FB-DD4BF476BE79}.Release|Any CPU.ActiveCfg = Release|Any CPU
		{FC131173-1670-4344-B6FB-DD4BF476BE79}.Release|Any CPU.Build.0 = Release|Any CPU
	EndGlobalSection
	GlobalSection(SolutionProperties) = preSolution
		HideSolutionNode = FALSE
	EndGlobalSection
	GlobalSection(ExtensibilityGlobals) = postSolution
		SolutionGuid = {09527F42-E3DA-451A-8ED1-E5CE4F2940C7}
	EndGlobalSection
EndGlobal
